// !$*UTF8*$!
{
	archiveVersion = 1;
	classes = {
	};
	objectVersion = 50;
	objects = {

/* Begin PBXBuildFile section */
		E326709125D983AD0078BCD9 /* FavoritesViewController.swift in Sources */ = {isa = PBXBuildFile; fileRef = E326709025D983AD0078BCD9 /* FavoritesViewController.swift */; };
		E384768625AF284600B1FFFA /* AppDelegate.swift in Sources */ = {isa = PBXBuildFile; fileRef = E384768525AF284600B1FFFA /* AppDelegate.swift */; };
		E384768825AF284600B1FFFA /* SceneDelegate.swift in Sources */ = {isa = PBXBuildFile; fileRef = E384768725AF284600B1FFFA /* SceneDelegate.swift */; };
		E384768D25AF284600B1FFFA /* Main.storyboard in Resources */ = {isa = PBXBuildFile; fileRef = E384768B25AF284600B1FFFA /* Main.storyboard */; };
		E384768F25AF284600B1FFFA /* Assets.xcassets in Resources */ = {isa = PBXBuildFile; fileRef = E384768E25AF284600B1FFFA /* Assets.xcassets */; };
		E384769225AF284600B1FFFA /* LaunchScreen.storyboard in Resources */ = {isa = PBXBuildFile; fileRef = E384769025AF284600B1FFFA /* LaunchScreen.storyboard */; };
		E3D4674025AF2CAF001F1649 /* Shoe.swift in Sources */ = {isa = PBXBuildFile; fileRef = E3D4673F25AF2CAF001F1649 /* Shoe.swift */; };
		E3D4674625AF30E5001F1649 /* StoreTableViewCell.swift in Sources */ = {isa = PBXBuildFile; fileRef = E3D4674525AF30E5001F1649 /* StoreTableViewCell.swift */; };
		E3D4674B25AF3282001F1649 /* Functions.swift in Sources */ = {isa = PBXBuildFile; fileRef = E3D4674A25AF3282001F1649 /* Functions.swift */; };
		E3D4675125AF3D29001F1649 /* StoreViewController.swift in Sources */ = {isa = PBXBuildFile; fileRef = E3D4675025AF3D29001F1649 /* StoreViewController.swift */; };
		E3D4675725AF46C7001F1649 /* ShoeInfoViewController.swift in Sources */ = {isa = PBXBuildFile; fileRef = E3D4675625AF46C7001F1649 /* ShoeInfoViewController.swift */; };
		E3D4675A25AF6622001F1649 /* CartViewController.swift in Sources */ = {isa = PBXBuildFile; fileRef = E3D4675925AF6622001F1649 /* CartViewController.swift */; };
		E3D4675D25AF66A8001F1649 /* CartTableViewCell.swift in Sources */ = {isa = PBXBuildFile; fileRef = E3D4675C25AF66A8001F1649 /* CartTableViewCell.swift */; };
		E3D4676825AFD8E8001F1649 /* CartService.swift in Sources */ = {isa = PBXBuildFile; fileRef = E3D4676725AFD8E8001F1649 /* CartService.swift */; };
/* End PBXBuildFile section */

/* Begin PBXFileReference section */
		E326709025D983AD0078BCD9 /* FavoritesViewController.swift */ = {isa = PBXFileReference; lastKnownFileType = sourcecode.swift; path = FavoritesViewController.swift; sourceTree = "<group>"; };
		E384768225AF284600B1FFFA /* ShoeShock.app */ = {isa = PBXFileReference; explicitFileType = wrapper.application; includeInIndex = 0; path = ShoeShock.app; sourceTree = BUILT_PRODUCTS_DIR; };
		E384768525AF284600B1FFFA /* AppDelegate.swift */ = {isa = PBXFileReference; lastKnownFileType = sourcecode.swift; path = AppDelegate.swift; sourceTree = "<group>"; };
		E384768725AF284600B1FFFA /* SceneDelegate.swift */ = {isa = PBXFileReference; lastKnownFileType = sourcecode.swift; path = SceneDelegate.swift; sourceTree = "<group>"; };
		E384768C25AF284600B1FFFA /* Base */ = {isa = PBXFileReference; lastKnownFileType = file.storyboard; name = Base; path = Base.lproj/Main.storyboard; sourceTree = "<group>"; };
		E384768E25AF284600B1FFFA /* Assets.xcassets */ = {isa = PBXFileReference; lastKnownFileType = folder.assetcatalog; path = Assets.xcassets; sourceTree = "<group>"; };
		E384769125AF284600B1FFFA /* Base */ = {isa = PBXFileReference; lastKnownFileType = file.storyboard; name = Base; path = Base.lproj/LaunchScreen.storyboard; sourceTree = "<group>"; };
		E384769325AF284600B1FFFA /* Info.plist */ = {isa = PBXFileReference; lastKnownFileType = text.plist.xml; path = Info.plist; sourceTree = "<group>"; };
		E3D4673F25AF2CAF001F1649 /* Shoe.swift */ = {isa = PBXFileReference; lastKnownFileType = sourcecode.swift; path = Shoe.swift; sourceTree = "<group>"; };
		E3D4674525AF30E5001F1649 /* StoreTableViewCell.swift */ = {isa = PBXFileReference; lastKnownFileType = sourcecode.swift; path = StoreTableViewCell.swift; sourceTree = "<group>"; };
		E3D4674A25AF3282001F1649 /* Functions.swift */ = {isa = PBXFileReference; lastKnownFileType = sourcecode.swift; path = Functions.swift; sourceTree = "<group>"; };
		E3D4675025AF3D29001F1649 /* StoreViewController.swift */ = {isa = PBXFileReference; lastKnownFileType = sourcecode.swift; path = StoreViewController.swift; sourceTree = "<group>"; };
		E3D4675625AF46C7001F1649 /* ShoeInfoViewController.swift */ = {isa = PBXFileReference; lastKnownFileType = sourcecode.swift; path = ShoeInfoViewController.swift; sourceTree = "<group>"; };
		E3D4675925AF6622001F1649 /* CartViewController.swift */ = {isa = PBXFileReference; lastKnownFileType = sourcecode.swift; path = CartViewController.swift; sourceTree = "<group>"; };
		E3D4675C25AF66A8001F1649 /* CartTableViewCell.swift */ = {isa = PBXFileReference; lastKnownFileType = sourcecode.swift; path = CartTableViewCell.swift; sourceTree = "<group>"; };
		E3D4676725AFD8E8001F1649 /* CartService.swift */ = {isa = PBXFileReference; lastKnownFileType = sourcecode.swift; path = CartService.swift; sourceTree = "<group>"; };
/* End PBXFileReference section */

/* Begin PBXFrameworksBuildPhase section */
		E384767F25AF284600B1FFFA /* Frameworks */ = {
			isa = PBXFrameworksBuildPhase;
			buildActionMask = 2147483647;
			files = (
			);
			runOnlyForDeploymentPostprocessing = 0;
		};
/* End PBXFrameworksBuildPhase section */

/* Begin PBXGroup section */
		E384767925AF284600B1FFFA = {
			isa = PBXGroup;
			children = (
				E384768425AF284600B1FFFA /* ShoeShock */,
				E384768325AF284600B1FFFA /* Products */,
			);
			sourceTree = "<group>";
		};
		E384768325AF284600B1FFFA /* Products */ = {
			isa = PBXGroup;
			children = (
				E384768225AF284600B1FFFA /* ShoeShock.app */,
			);
			name = Products;
			sourceTree = "<group>";
		};
		E384768425AF284600B1FFFA /* ShoeShock */ = {
			isa = PBXGroup;
			children = (
				E3D4676625AFD8DA001F1649 /* Services */,
				E3D4674225AF2CB4001F1649 /* Model */,
				E3D4674825AF30EC001F1649 /* View */,
				E3D4675325AF3D2E001F1649 /* Controller */,
				E384768525AF284600B1FFFA /* AppDelegate.swift */,
				E384768725AF284600B1FFFA /* SceneDelegate.swift */,
				E384768B25AF284600B1FFFA /* Main.storyboard */,
				E384768E25AF284600B1FFFA /* Assets.xcassets */,
				E384769025AF284600B1FFFA /* LaunchScreen.storyboard */,
				E384769325AF284600B1FFFA /* Info.plist */,
				E3D4674D25AF3286001F1649 /* Global */,
			);
			path = ShoeShock;
			sourceTree = "<group>";
		};
		E3D4674225AF2CB4001F1649 /* Model */ = {
			isa = PBXGroup;
			children = (
				E3D4673F25AF2CAF001F1649 /* Shoe.swift */,
			);
			path = Model;
			sourceTree = "<group>";
		};
		E3D4674825AF30EC001F1649 /* View */ = {
			isa = PBXGroup;
			children = (
				E3D4674525AF30E5001F1649 /* StoreTableViewCell.swift */,
				E3D4675C25AF66A8001F1649 /* CartTableViewCell.swift */,
			);
			path = View;
			sourceTree = "<group>";
		};
		E3D4674D25AF3286001F1649 /* Global */ = {
			isa = PBXGroup;
			children = (
				E3D4674A25AF3282001F1649 /* Functions.swift */,
			);
			path = Global;
			sourceTree = "<group>";
		};
		E3D4675325AF3D2E001F1649 /* Controller */ = {
			isa = PBXGroup;
			children = (
				E3D4675025AF3D29001F1649 /* StoreViewController.swift */,
				E3D4675625AF46C7001F1649 /* ShoeInfoViewController.swift */,
				E3D4675925AF6622001F1649 /* CartViewController.swift */,
				E326709025D983AD0078BCD9 /* FavoritesViewController.swift */,
			);
			path = Controller;
			sourceTree = "<group>";
		};
		E3D4676625AFD8DA001F1649 /* Services */ = {
			isa = PBXGroup;
			children = (
				E3D4676725AFD8E8001F1649 /* CartService.swift */,
			);
			path = Services;
			sourceTree = "<group>";
		};
/* End PBXGroup section */

/* Begin PBXNativeTarget section */
		E384768125AF284600B1FFFA /* ShoeShock */ = {
			isa = PBXNativeTarget;
			buildConfigurationList = E384769625AF284600B1FFFA /* Build configuration list for PBXNativeTarget "ShoeShock" */;
			buildPhases = (
				E384767E25AF284600B1FFFA /* Sources */,
				E384767F25AF284600B1FFFA /* Frameworks */,
				E384768025AF284600B1FFFA /* Resources */,
			);
			buildRules = (
			);
			dependencies = (
			);
			name = ShoeShock;
			productName = ShoeShock;
			productReference = E384768225AF284600B1FFFA /* ShoeShock.app */;
			productType = "com.apple.product-type.application";
		};
/* End PBXNativeTarget section */

/* Begin PBXProject section */
		E384767A25AF284600B1FFFA /* Project object */ = {
			isa = PBXProject;
			attributes = {
				LastSwiftUpdateCheck = 1210;
				LastUpgradeCheck = 1210;
				TargetAttributes = {
					E384768125AF284600B1FFFA = {
						CreatedOnToolsVersion = 12.1;
					};
				};
			};
			buildConfigurationList = E384767D25AF284600B1FFFA /* Build configuration list for PBXProject "ShoeShock" */;
			compatibilityVersion = "Xcode 9.3";
			developmentRegion = en;
			hasScannedForEncodings = 0;
			knownRegions = (
				en,
				Base,
			);
			mainGroup = E384767925AF284600B1FFFA;
			productRefGroup = E384768325AF284600B1FFFA /* Products */;
			projectDirPath = "";
			projectRoot = "";
			targets = (
				E384768125AF284600B1FFFA /* ShoeShock */,
			);
		};
/* End PBXProject section */

/* Begin PBXResourcesBuildPhase section */
		E384768025AF284600B1FFFA /* Resources */ = {
			isa = PBXResourcesBuildPhase;
			buildActionMask = 2147483647;
			files = (
				E384769225AF284600B1FFFA /* LaunchScreen.storyboard in Resources */,
				E384768F25AF284600B1FFFA /* Assets.xcassets in Resources */,
				E384768D25AF284600B1FFFA /* Main.storyboard in Resources */,
			);
			runOnlyForDeploymentPostprocessing = 0;
		};
/* End PBXResourcesBuildPhase section */

/* Begin PBXSourcesBuildPhase section */
		E384767E25AF284600B1FFFA /* Sources */ = {
			isa = PBXSourcesBuildPhase;
			buildActionMask = 2147483647;
			files = (
				E3D4674025AF2CAF001F1649 /* Shoe.swift in Sources */,
				E384768625AF284600B1FFFA /* AppDelegate.swift in Sources */,
				E3D4675125AF3D29001F1649 /* StoreViewController.swift in Sources */,
				E3D4676825AFD8E8001F1649 /* CartService.swift in Sources */,
				E3D4675D25AF66A8001F1649 /* CartTableViewCell.swift in Sources */,
				E384768825AF284600B1FFFA /* SceneDelegate.swift in Sources */,
				E326709125D983AD0078BCD9 /* FavoritesViewController.swift in Sources */,
				E3D4675A25AF6622001F1649 /* CartViewController.swift in Sources */,
				E3D4674625AF30E5001F1649 /* StoreTableViewCell.swift in Sources */,
				E3D4675725AF46C7001F1649 /* ShoeInfoViewController.swift in Sources */,
				E3D4674B25AF3282001F1649 /* Functions.swift in Sources */,
			);
			runOnlyForDeploymentPostprocessing = 0;
		};
/* End PBXSourcesBuildPhase section */

/* Begin PBXVariantGroup section */
		E384768B25AF284600B1FFFA /* Main.storyboard */ = {
			isa = PBXVariantGroup;
			children = (
				E384768C25AF284600B1FFFA /* Base */,
			);
			name = Main.storyboard;
			sourceTree = "<group>";
		};
		E384769025AF284600B1FFFA /* LaunchScreen.storyboard */ = {
			isa = PBXVariantGroup;
			children = (
				E384769125AF284600B1FFFA /* Base */,
			);
			name = LaunchScreen.storyboard;
			sourceTree = "<group>";
		};
/* End PBXVariantGroup section */

/* Begin XCBuildConfiguration section */
		E384769425AF284600B1FFFA /* Debug */ = {
			isa = XCBuildConfiguration;
			buildSettings = {
				ALWAYS_SEARCH_USER_PATHS = NO;
				CLANG_ANALYZER_NONNULL = YES;
				CLANG_ANALYZER_NUMBER_OBJECT_CONVERSION = YES_AGGRESSIVE;
				CLANG_CXX_LANGUAGE_STANDARD = "gnu++14";
				CLANG_CXX_LIBRARY = "libc++";
				CLANG_ENABLE_MODULES = YES;
				CLANG_ENABLE_OBJC_ARC = YES;
				CLANG_ENABLE_OBJC_WEAK = YES;
				CLANG_WARN_BLOCK_CAPTURE_AUTORELEASING = YES;
				CLANG_WARN_BOOL_CONVERSION = YES;
				CLANG_WARN_COMMA = YES;
				CLANG_WARN_CONSTANT_CONVERSION = YES;
				CLANG_WARN_DEPRECATED_OBJC_IMPLEMENTATIONS = YES;
				CLANG_WARN_DIRECT_OBJC_ISA_USAGE = YES_ERROR;
				CLANG_WARN_DOCUMENTATION_COMMENTS = YES;
				CLANG_WARN_EMPTY_BODY = YES;
				CLANG_WARN_ENUM_CONVERSION = YES;
				CLANG_WARN_INFINITE_RECURSION = YES;
				CLANG_WARN_INT_CONVERSION = YES;
				CLANG_WARN_NON_LITERAL_NULL_CONVERSION = YES;
				CLANG_WARN_OBJC_IMPLICIT_RETAIN_SELF = YES;
				CLANG_WARN_OBJC_LITERAL_CONVERSION = YES;
				CLANG_WARN_OBJC_ROOT_CLASS = YES_ERROR;
				CLANG_WARN_QUOTED_INCLUDE_IN_FRAMEWORK_HEADER = YES;
				CLANG_WARN_RANGE_LOOP_ANALYSIS = YES;
				CLANG_WARN_STRICT_PROTOTYPES = YES;
				CLANG_WARN_SUSPICIOUS_MOVE = YES;
				CLANG_WARN_UNGUARDED_AVAILABILITY = YES_AGGRESSIVE;
				CLANG_WARN_UNREACHABLE_CODE = YES;
				CLANG_WARN__DUPLICATE_METHOD_MATCH = YES;
				COPY_PHASE_STRIP = NO;
				DEBUG_INFORMATION_FORMAT = dwarf;
				ENABLE_STRICT_OBJC_MSGSEND = YES;
				ENABLE_TESTABILITY = YES;
				GCC_C_LANGUAGE_STANDARD = gnu11;
				GCC_DYNAMIC_NO_PIC = NO;
				GCC_NO_COMMON_BLOCKS = YES;
				GCC_OPTIMIZATION_LEVEL = 0;
				GCC_PREPROCESSOR_DEFINITIONS = (
					"DEBUG=1",
					"$(inherited)",
				);
				GCC_WARN_64_TO_32_BIT_CONVERSION = YES;
				GCC_WARN_ABOUT_RETURN_TYPE = YES_ERROR;
				GCC_WARN_UNDECLARED_SELECTOR = YES;
				GCC_WARN_UNINITIALIZED_AUTOS = YES_AGGRESSIVE;
				GCC_WARN_UNUSED_FUNCTION = YES;
				GCC_WARN_UNUSED_VARIABLE = YES;
				IPHONEOS_DEPLOYMENT_TARGET = 14.1;
				MTL_ENABLE_DEBUG_INFO = INCLUDE_SOURCE;
				MTL_FAST_MATH = YES;
				ONLY_ACTIVE_ARCH = YES;
				SDKROOT = iphoneos;
				SWIFT_ACTIVE_COMPILATION_CONDITIONS = DEBUG;
				SWIFT_OPTIMIZATION_LEVEL = "-Onone";
			};
			name = Debug;
		};
		E384769525AF284600B1FFFA /* Release */ = {
			isa = XCBuildConfiguration;
			buildSettings = {
				ALWAYS_SEARCH_USER_PATHS = NO;
				CLANG_ANALYZER_NONNULL = YES;
				CLANG_ANALYZER_NUMBER_OBJECT_CONVERSION = YES_AGGRESSIVE;
				CLANG_CXX_LANGUAGE_STANDARD = "gnu++14";
				CLANG_CXX_LIBRARY = "libc++";
				CLANG_ENABLE_MODULES = YES;
				CLANG_ENABLE_OBJC_ARC = YES;
				CLANG_ENABLE_OBJC_WEAK = YES;
				CLANG_WARN_BLOCK_CAPTURE_AUTORELEASING = YES;
				CLANG_WARN_BOOL_CONVERSION = YES;
				CLANG_WARN_COMMA = YES;
				CLANG_WARN_CONSTANT_CONVERSION = YES;
				CLANG_WARN_DEPRECATED_OBJC_IMPLEMENTATIONS = YES;
				CLANG_WARN_DIRECT_OBJC_ISA_USAGE = YES_ERROR;
				CLANG_WARN_DOCUMENTATION_COMMENTS = YES;
				CLANG_WARN_EMPTY_BODY = YES;
				CLANG_WARN_ENUM_CONVERSION = YES;
				CLANG_WARN_INFINITE_RECURSION = YES;
				CLANG_WARN_INT_CONVERSION = YES;
				CLANG_WARN_NON_LITERAL_NULL_CONVERSION = YES;
				CLANG_WARN_OBJC_IMPLICIT_RETAIN_SELF = YES;
				CLANG_WARN_OBJC_LITERAL_CONVERSION = YES;
				CLANG_WARN_OBJC_ROOT_CLASS = YES_ERROR;
				CLANG_WARN_QUOTED_INCLUDE_IN_FRAMEWORK_HEADER = YES;
				CLANG_WARN_RANGE_LOOP_ANALYSIS = YES;
				CLANG_WARN_STRICT_PROTOTYPES = YES;
				CLANG_WARN_SUSPICIOUS_MOVE = YES;
				CLANG_WARN_UNGUARDED_AVAILABILITY = YES_AGGRESSIVE;
				CLANG_WARN_UNREACHABLE_CODE = YES;
				CLANG_WARN__DUPLICATE_METHOD_MATCH = YES;
				COPY_PHASE_STRIP = NO;
				DEBUG_INFORMATION_FORMAT = "dwarf-with-dsym";
				ENABLE_NS_ASSERTIONS = NO;
				ENABLE_STRICT_OBJC_MSGSEND = YES;
				GCC_C_LANGUAGE_STANDARD = gnu11;
				GCC_NO_COMMON_BLOCKS = YES;
				GCC_WARN_64_TO_32_BIT_CONVERSION = YES;
				GCC_WARN_ABOUT_RETURN_TYPE = YES_ERROR;
				GCC_WARN_UNDECLARED_SELECTOR = YES;
				GCC_WARN_UNINITIALIZED_AUTOS = YES_AGGRESSIVE;
				GCC_WARN_UNUSED_FUNCTION = YES;
				GCC_WARN_UNUSED_VARIABLE = YES;
				IPHONEOS_DEPLOYMENT_TARGET = 14.1;
				MTL_ENABLE_DEBUG_INFO = NO;
				MTL_FAST_MATH = YES;
				SDKROOT = iphoneos;
				SWIFT_COMPILATION_MODE = wholemodule;
				SWIFT_OPTIMIZATION_LEVEL = "-O";
				VALIDATE_PRODUCT = YES;
			};
			name = Release;
		};
		E384769725AF284600B1FFFA /* Debug */ = {
			isa = XCBuildConfiguration;
			buildSettings = {
				ASSETCATALOG_COMPILER_APPICON_NAME = AppIcon;
				ASSETCATALOG_COMPILER_GLOBAL_ACCENT_COLOR_NAME = AccentColor;
				CODE_SIGN_STYLE = Automatic;
				DEVELOPMENT_TEAM = VAC49TM43D;
				INFOPLIST_FILE = ShoeShock/Info.plist;
				LD_RUNPATH_SEARCH_PATHS = (
					"$(inherited)",
					"@executable_path/Frameworks",
				);
				PRODUCT_BUNDLE_IDENTIFIER = come.joevargas.ShoeShock;
				PRODUCT_NAME = "$(TARGET_NAME)";
				SWIFT_VERSION = 5.0;
				TARGETED_DEVICE_FAMILY = 1;
			};
			name = Debug;
		};
		E384769825AF284600B1FFFA /* Release */ = {
			isa = XCBuildConfiguration;
			buildSettings = {
				ASSETCATALOG_COMPILER_APPICON_NAME = AppIcon;
				ASSETCATALOG_COMPILER_GLOBAL_ACCENT_COLOR_NAME = AccentColor;
				CODE_SIGN_STYLE = Automatic;
				DEVELOPMENT_TEAM = VAC49TM43D;
				INFOPLIST_FILE = ShoeShock/Info.plist;
				LD_RUNPATH_SEARCH_PATHS = (
					"$(inherited)",
					"@executable_path/Frameworks",
				);
				PRODUCT_BUNDLE_IDENTIFIER = come.joevargas.ShoeShock;
				PRODUCT_NAME = "$(TARGET_NAME)";
				SWIFT_VERSION = 5.0;
				TARGETED_DEVICE_FAMILY = 1;
			};
			name = Release;
		};
/* End XCBuildConfiguration section */

/* Begin XCConfigurationList section */
		E384767D25AF284600B1FFFA /* Build configuration list for PBXProject "ShoeShock" */ = {
			isa = XCConfigurationList;
			buildConfigurations = (
				E384769425AF284600B1FFFA /* Debug */,
				E384769525AF284600B1FFFA /* Release */,
			);
			defaultConfigurationIsVisible = 0;
			defaultConfigurationName = Release;
		};
		E384769625AF284600B1FFFA /* Build configuration list for PBXNativeTarget "ShoeShock" */ = {
			isa = XCConfigurationList;
			buildConfigurations = (
				E384769725AF284600B1FFFA /* Debug */,
				E384769825AF284600B1FFFA /* Release */,
			);
			defaultConfigurationIsVisible = 0;
			defaultConfigurationName = Release;
		};
/* End XCConfigurationList section */
	};
	rootObject = E384767A25AF284600B1FFFA /* Project object */;
}
